
Microsoft Visual Studio Solution File, Format Version 12.00
# Visual Studio Version 17
VisualStudioVersion = 17.8.34525.116
MinimumVisualStudioVersion = 10.0.40219.1
Project("{FAE04EC0-301F-11D3-BF4B-00C04F79EFBC}") = "shop_cart", "shop_cart\shop_cart.csproj", "{075EC096-4DF9-418C-AEC4-89461664795F}"
EndProject
Global
	GlobalSection(SolutionConfigurationPlatforms) = preSolution
		Debug|Any CPU = Debug|Any CPU
		Release|Any CPU = Release|Any CPU
	EndGlobalSection
	GlobalSection(ProjectConfigurationPlatforms) = postSolution
		{075EC096-4DF9-418C-AEC4-89461664795F}.Debug|Any CPU.ActiveCfg = Debug|Any CPU
		{075EC096-4DF9-418C-AEC4-89461664795F}.Debug|Any CPU.Build.0 = Debug|Any CPU
		{075EC096-4DF9-418C-AEC4-89461664795F}.Release|Any CPU.ActiveCfg = Release|Any CPU
		{075EC096-4DF9-418C-AEC4-89461664795F}.Release|Any CPU.Build.0 = Release|Any CPU
	EndGlobalSection
	GlobalSection(SolutionProperties) = preSolution
		HideSolutionNode = FALSE
	EndGlobalSection
	GlobalSection(ExtensibilityGlobals) = postSolution
		SolutionGuid = {392D00AA-65A0-4E97-B330-0883EA82A29C}
	EndGlobalSection
EndGlobal
